{
  "version": 4,
  "terraform_version": "1.15.6",
  "serial": 4,
  "lineage": "42b4beb9-d28a-f369-c44b-cfc18736b456",
  "outputs": {
    "certificate_arn": {
      "value": "arn:aws:acm:us-east-1:898142457984:certificate/e4c6d57e-8599-47ff-9819-7b71c809a9ec",
      "type": "string"
    },
    "certificate_status": {
      "value": "PENDING_VALIDATION",
      "type": "string"
    },
    "ecr_repository_url": {
      "value": "898142457984.dkr.ecr.us-east-1.amazonaws.com/fip-prod-app",
      "type": "string"
    },
    "validation_record": {
      "value": {
        "*.sathwikap.com": {
          "name": "_72f001a53e64f9780e5c6398970f92c5.sathwikap.com.",
          "type": "CNAME",
          "value": "_737a6059a09803f401df854139f0b3bb.jkddzztszm.acm-validations.aws."
        }
      },
      "type": [
        "object",
        {
          "*.sathwikap.com": [
            "object",
            {
              "name": "string",
              "type": "string",
              "value": "string"
            }
          ]
        }
      ]
    }
  },
  "resources": [
    {
      "mode": "managed",
      "type": "aws_acm_certificate",
      "name": "wildcard",
      "provider": "provider[\"registry.terraform.io/hashicorp/aws\"]",
      "instances": [
        {
          "schema_version": 0,
          "attributes": {
            "arn": "arn:aws:acm:us-east-1:898142457984:certificate/e4c6d57e-8599-47ff-9819-7b71c809a9ec",
            "certificate_authority_arn": "",
            "certificate_body": null,
            "certificate_chain": null,
            "domain_name": "*.sathwikap.com",
            "domain_validation_options": [
              {
                "domain_name": "*.sathwikap.com",
                "resource_record_name": "_72f001a53e64f9780e5c6398970f92c5.sathwikap.com.",
                "resource_record_type": "CNAME",
                "resource_record_value": "_737a6059a09803f401df854139f0b3bb.jkddzztszm.acm-validations.aws."
              }
            ],
            "early_renewal_duration": "",
            "id": "arn:aws:acm:us-east-1:898142457984:certificate/e4c6d57e-8599-47ff-9819-7b71c809a9ec",
            "key_algorithm": "RSA_2048",
            "not_after": "",
            "not_before": "",
            "options": [
              {
                "certificate_transparency_logging_preference": "ENABLED"
              }
            ],
            "pending_renewal": false,
            "private_key": null,
            "renewal_eligibility": "INELIGIBLE",
            "renewal_summary": [],
            "status": "PENDING_VALIDATION",
            "subject_alternative_names": [
              "*.sathwikap.com"
            ],
            "tags": {
              "Name": "fip-wildcard"
            },
            "tags_all": {
              "Lifecycle": "permanent",
              "ManagedBy": "terraform",
              "Name": "fip-wildcard",
              "Project": "fip"
            },
            "type": "AMAZON_ISSUED",
            "validation_emails": [],
            "validation_method": "DNS",
            "validation_option": []
          },
          "sensitive_attributes": [
            [
              {
                "type": "get_attr",
                "value": "private_key"
              }
            ]
          ],
          "identity_schema_version": 0,
          "private": "bnVsbA==",
          "create_before_destroy": true
        }
      ]
    },
    {
      "mode": "managed",
      "type": "aws_ecr_lifecycle_policy",
      "name": "app",
      "provider": "provider[\"registry.terraform.io/hashicorp/aws\"]",
      "instances": [
        {
          "schema_version": 0,
          "attributes": {
            "id": "fip-prod-app",
            "policy": "{\"rules\":[{\"action\":{\"type\":\"expire\"},\"description\":\"Keep the 5 most recent images\",\"rulePriority\":1,\"selection\":{\"countNumber\":5,\"countType\":\"imageCountMoreThan\",\"tagStatus\":\"any\"}}]}",
            "registry_id": "898142457984",
            "repository": "fip-prod-app"
          },
          "sensitive_attributes": [],
          "identity_schema_version": 0,
          "private": "eyJzY2hlbWFfdmVyc2lvbiI6IjAifQ=="
        }
      ]
    },
    {
      "mode": "managed",
      "type": "aws_ecr_repository",
      "name": "app",
      "provider": "provider[\"registry.terraform.io/hashicorp/aws\"]",
      "instances": [
        {
          "schema_version": 0,
          "attributes": {
            "arn": "arn:aws:ecr:us-east-1:898142457984:repository/fip-prod-app",
            "encryption_configuration": [
              {
                "encryption_type": "AES256",
                "kms_key": ""
              }
            ],
            "force_delete": null,
            "id": "fip-prod-app",
            "image_scanning_configuration": [
              {
                "scan_on_push": true
              }
            ],
            "image_tag_mutability": "MUTABLE",
            "name": "fip-prod-app",
            "registry_id": "898142457984",
            "repository_url": "898142457984.dkr.ecr.us-east-1.amazonaws.com/fip-prod-app",
            "tags": {
              "Name": "fip-prod-app"
            },
            "tags_all": {
              "ManagedBy": "terraform",
              "Name": "fip-prod-app",
              "Project": "fip"
            },
            "timeouts": null
          },
          "sensitive_attributes": [],
          "identity_schema_version": 0,
          "private": "eyJlMmJmYjczMC1lY2FhLTExZTYtOGY4OC0zNDM2M2JjN2M0YzAiOnsiZGVsZXRlIjoxMjAwMDAwMDAwMDAwfSwic2NoZW1hX3ZlcnNpb24iOiIwIn0="
        }
      ]
    }
  ],
  "check_results": null
}
